
Microsoft Visual Studio Solution File, Format Version 12.00
# Visual Studio Version 17
VisualStudioVersion = 17.4.33110.190
MinimumVisualStudioVersion = 10.0.40219.1
Project("{FAE04EC0-301F-11D3-BF4B-00C04F79EFBC}") = "Grundlagen", "Grundlagen\Grundlagen.csproj", "{7BD5E4F5-9940-42FC-B24B-A0F2D148ED6E}"
EndProject
Project("{FAE04EC0-301F-11D3-BF4B-00C04F79EFBC}") = "Controls", "Controls\Controls.csproj", "{C9931216-E1A5-49B8-9804-6DC8178A0C3C}"
EndProject
Global
	GlobalSection(SolutionConfigurationPlatforms) = preSolution
		Debug|Any CPU = Debug|Any CPU
		Release|Any CPU = Release|Any CPU
	EndGlobalSection
	GlobalSection(ProjectConfigurationPlatforms) = postSolution
		{7BD5E4F5-9940-42FC-B24B-A0F2D148ED6E}.Debug|Any CPU.ActiveCfg = Debug|Any CPU
		{7BD5E4F5-9940-42FC-B24B-A0F2D148ED6E}.Debug|Any CPU.Build.0 = Debug|Any CPU
		{7BD5E4F5-9940-42FC-B24B-A0F2D148ED6E}.Release|Any CPU.ActiveCfg = Release|Any CPU
		{7BD5E4F5-9940-42FC-B24B-A0F2D148ED6E}.Release|Any CPU.Build.0 = Release|Any CPU
		{C9931216-E1A5-49B8-9804-6DC8178A0C3C}.Debug|Any CPU.ActiveCfg = Debug|Any CPU
		{C9931216-E1A5-49B8-9804-6DC8178A0C3C}.Debug|Any CPU.Build.0 = Debug|Any CPU
		{C9931216-E1A5-49B8-9804-6DC8178A0C3C}.Release|Any CPU.ActiveCfg = Release|Any CPU
		{C9931216-E1A5-49B8-9804-6DC8178A0C3C}.Release|Any CPU.Build.0 = Release|Any CPU
	EndGlobalSection
	GlobalSection(SolutionProperties) = preSolution
		HideSolutionNode = FALSE
	EndGlobalSection
	GlobalSection(ExtensibilityGlobals) = postSolution
		SolutionGuid = {C249895C-FBD1-4521-B96B-473A0F1BCC56}
	EndGlobalSection
EndGlobal
