
Microsoft Visual Studio Solution File, Format Version 12.00
# Visual Studio Version 17
VisualStudioVersion = 17.4.33110.190
MinimumVisualStudioVersion = 10.0.40219.1
Project("{9A19103F-16F7-4668-BE54-9A1E7A4F7556}") = "M01_Grundlagen", "Grundlagen\M01_Grundlagen.csproj", "{7BD5E4F5-9940-42FC-B24B-A0F2D148ED6E}"
EndProject
Project("{9A19103F-16F7-4668-BE54-9A1E7A4F7556}") = "M02_Controls", "Controls\M02_Controls.csproj", "{C9931216-E1A5-49B8-9804-6DC8178A0C3C}"
EndProject
Project("{9A19103F-16F7-4668-BE54-9A1E7A4F7556}") = "Personendatenbank", "Personendatenbank\Personendatenbank.csproj", "{91FC64C4-8243-45CA-82D7-D89C79F6FAA6}"
EndProject
Project("{9A19103F-16F7-4668-BE54-9A1E7A4F7556}") = "M03_Layouts", "Layouts\M03_Layouts.csproj", "{F07F7BC5-890B-4167-8A5F-6A4930A2980E}"
EndProject
Project("{9A19103F-16F7-4668-BE54-9A1E7A4F7556}") = "M04_EventHandling", "EventHandling\M04_EventHandling.csproj", "{EE04FF00-7B82-4E8D-9BBA-5A5DCBECA591}"
EndProject
Project("{9A19103F-16F7-4668-BE54-9A1E7A4F7556}") = "M05_PropertyBinding", "PropertyBinding\M05_PropertyBinding.csproj", "{1073D13D-59EE-4C09-879D-EC9FCD83E3EB}"
EndProject
Project("{9A19103F-16F7-4668-BE54-9A1E7A4F7556}") = "ColorPicker", "ColorPicker\ColorPicker.csproj", "{62E80C7D-04A1-479E-8A20-964D867B2960}"
EndProject
Project("{9A19103F-16F7-4668-BE54-9A1E7A4F7556}") = "M06_DataBinding", "DataBinding\M06_DataBinding.csproj", "{3073410C-4407-4556-9730-2742A413C641}"
EndProject
Project("{9A19103F-16F7-4668-BE54-9A1E7A4F7556}") = "M07_Resources_Styles", "Resources_Styles\M07_Resources_Styles.csproj", "{5DBC1A77-FC44-43FB-BAE9-DFAA06763B42}"
EndProject
Project("{9A19103F-16F7-4668-BE54-9A1E7A4F7556}") = "M08_Templates", "Templates\M08_Templates.csproj", "{97C9259A-B096-4F8A-8892-ADBAAB5004EE}"
EndProject
Project("{9A19103F-16F7-4668-BE54-9A1E7A4F7556}") = "M09_Validation", "Validation\M09_Validation.csproj", "{10813FD1-7013-4F1A-8A5C-17B44FFFE676}"
EndProject
Project("{9A19103F-16F7-4668-BE54-9A1E7A4F7556}") = "M10_Trigger", "Trigger\M10_Trigger.csproj", "{5973863A-CCBA-48FF-9229-577C9A271F84}"
EndProject
Project("{9A19103F-16F7-4668-BE54-9A1E7A4F7556}") = "M11_UserControls", "UserControls\M11_UserControls.csproj", "{7E06BB6F-A32B-4B63-8122-45C3AC7B1F7C}"
EndProject
Project("{FAE04EC0-301F-11D3-BF4B-00C04F79EFBC}") = "Commands", "Commands\Commands.csproj", "{9B9686CA-286C-4D60-83A3-6008E591F7CD}"
EndProject
Project("{FAE04EC0-301F-11D3-BF4B-00C04F79EFBC}") = "MVVM", "MVVM\MVVM.csproj", "{2BD4F0D3-035F-47D8-8260-BE0DB2A7F84D}"
EndProject
Global
	GlobalSection(SolutionConfigurationPlatforms) = preSolution
		Debug|Any CPU = Debug|Any CPU
		Release|Any CPU = Release|Any CPU
	EndGlobalSection
	GlobalSection(ProjectConfigurationPlatforms) = postSolution
		{7BD5E4F5-9940-42FC-B24B-A0F2D148ED6E}.Debug|Any CPU.ActiveCfg = Debug|Any CPU
		{7BD5E4F5-9940-42FC-B24B-A0F2D148ED6E}.Debug|Any CPU.Build.0 = Debug|Any CPU
		{7BD5E4F5-9940-42FC-B24B-A0F2D148ED6E}.Release|Any CPU.ActiveCfg = Release|Any CPU
		{7BD5E4F5-9940-42FC-B24B-A0F2D148ED6E}.Release|Any CPU.Build.0 = Release|Any CPU
		{C9931216-E1A5-49B8-9804-6DC8178A0C3C}.Debug|Any CPU.ActiveCfg = Debug|Any CPU
		{C9931216-E1A5-49B8-9804-6DC8178A0C3C}.Debug|Any CPU.Build.0 = Debug|Any CPU
		{C9931216-E1A5-49B8-9804-6DC8178A0C3C}.Release|Any CPU.ActiveCfg = Release|Any CPU
		{C9931216-E1A5-49B8-9804-6DC8178A0C3C}.Release|Any CPU.Build.0 = Release|Any CPU
		{91FC64C4-8243-45CA-82D7-D89C79F6FAA6}.Debug|Any CPU.ActiveCfg = Debug|Any CPU
		{91FC64C4-8243-45CA-82D7-D89C79F6FAA6}.Debug|Any CPU.Build.0 = Debug|Any CPU
		{91FC64C4-8243-45CA-82D7-D89C79F6FAA6}.Release|Any CPU.ActiveCfg = Release|Any CPU
		{91FC64C4-8243-45CA-82D7-D89C79F6FAA6}.Release|Any CPU.Build.0 = Release|Any CPU
		{F07F7BC5-890B-4167-8A5F-6A4930A2980E}.Debug|Any CPU.ActiveCfg = Debug|Any CPU
		{F07F7BC5-890B-4167-8A5F-6A4930A2980E}.Debug|Any CPU.Build.0 = Debug|Any CPU
		{F07F7BC5-890B-4167-8A5F-6A4930A2980E}.Release|Any CPU.ActiveCfg = Release|Any CPU
		{F07F7BC5-890B-4167-8A5F-6A4930A2980E}.Release|Any CPU.Build.0 = Release|Any CPU
		{EE04FF00-7B82-4E8D-9BBA-5A5DCBECA591}.Debug|Any CPU.ActiveCfg = Debug|Any CPU
		{EE04FF00-7B82-4E8D-9BBA-5A5DCBECA591}.Debug|Any CPU.Build.0 = Debug|Any CPU
		{EE04FF00-7B82-4E8D-9BBA-5A5DCBECA591}.Release|Any CPU.ActiveCfg = Release|Any CPU
		{EE04FF00-7B82-4E8D-9BBA-5A5DCBECA591}.Release|Any CPU.Build.0 = Release|Any CPU
		{1073D13D-59EE-4C09-879D-EC9FCD83E3EB}.Debug|Any CPU.ActiveCfg = Debug|Any CPU
		{1073D13D-59EE-4C09-879D-EC9FCD83E3EB}.Debug|Any CPU.Build.0 = Debug|Any CPU
		{1073D13D-59EE-4C09-879D-EC9FCD83E3EB}.Release|Any CPU.ActiveCfg = Release|Any CPU
		{1073D13D-59EE-4C09-879D-EC9FCD83E3EB}.Release|Any CPU.Build.0 = Release|Any CPU
		{62E80C7D-04A1-479E-8A20-964D867B2960}.Debug|Any CPU.ActiveCfg = Debug|Any CPU
		{62E80C7D-04A1-479E-8A20-964D867B2960}.Debug|Any CPU.Build.0 = Debug|Any CPU
		{62E80C7D-04A1-479E-8A20-964D867B2960}.Release|Any CPU.ActiveCfg = Release|Any CPU
		{62E80C7D-04A1-479E-8A20-964D867B2960}.Release|Any CPU.Build.0 = Release|Any CPU
		{3073410C-4407-4556-9730-2742A413C641}.Debug|Any CPU.ActiveCfg = Debug|Any CPU
		{3073410C-4407-4556-9730-2742A413C641}.Debug|Any CPU.Build.0 = Debug|Any CPU
		{3073410C-4407-4556-9730-2742A413C641}.Release|Any CPU.ActiveCfg = Release|Any CPU
		{3073410C-4407-4556-9730-2742A413C641}.Release|Any CPU.Build.0 = Release|Any CPU
		{5DBC1A77-FC44-43FB-BAE9-DFAA06763B42}.Debug|Any CPU.ActiveCfg = Debug|Any CPU
		{5DBC1A77-FC44-43FB-BAE9-DFAA06763B42}.Debug|Any CPU.Build.0 = Debug|Any CPU
		{5DBC1A77-FC44-43FB-BAE9-DFAA06763B42}.Release|Any CPU.ActiveCfg = Release|Any CPU
		{5DBC1A77-FC44-43FB-BAE9-DFAA06763B42}.Release|Any CPU.Build.0 = Release|Any CPU
		{97C9259A-B096-4F8A-8892-ADBAAB5004EE}.Debug|Any CPU.ActiveCfg = Debug|Any CPU
		{97C9259A-B096-4F8A-8892-ADBAAB5004EE}.Debug|Any CPU.Build.0 = Debug|Any CPU
		{97C9259A-B096-4F8A-8892-ADBAAB5004EE}.Release|Any CPU.ActiveCfg = Release|Any CPU
		{97C9259A-B096-4F8A-8892-ADBAAB5004EE}.Release|Any CPU.Build.0 = Release|Any CPU
		{10813FD1-7013-4F1A-8A5C-17B44FFFE676}.Debug|Any CPU.ActiveCfg = Debug|Any CPU
		{10813FD1-7013-4F1A-8A5C-17B44FFFE676}.Debug|Any CPU.Build.0 = Debug|Any CPU
		{10813FD1-7013-4F1A-8A5C-17B44FFFE676}.Release|Any CPU.ActiveCfg = Release|Any CPU
		{10813FD1-7013-4F1A-8A5C-17B44FFFE676}.Release|Any CPU.Build.0 = Release|Any CPU
		{5973863A-CCBA-48FF-9229-577C9A271F84}.Debug|Any CPU.ActiveCfg = Debug|Any CPU
		{5973863A-CCBA-48FF-9229-577C9A271F84}.Debug|Any CPU.Build.0 = Debug|Any CPU
		{5973863A-CCBA-48FF-9229-577C9A271F84}.Release|Any CPU.ActiveCfg = Release|Any CPU
		{5973863A-CCBA-48FF-9229-577C9A271F84}.Release|Any CPU.Build.0 = Release|Any CPU
		{7E06BB6F-A32B-4B63-8122-45C3AC7B1F7C}.Debug|Any CPU.ActiveCfg = Debug|Any CPU
		{7E06BB6F-A32B-4B63-8122-45C3AC7B1F7C}.Debug|Any CPU.Build.0 = Debug|Any CPU
		{7E06BB6F-A32B-4B63-8122-45C3AC7B1F7C}.Release|Any CPU.ActiveCfg = Release|Any CPU
		{7E06BB6F-A32B-4B63-8122-45C3AC7B1F7C}.Release|Any CPU.Build.0 = Release|Any CPU
		{9B9686CA-286C-4D60-83A3-6008E591F7CD}.Debug|Any CPU.ActiveCfg = Debug|Any CPU
		{9B9686CA-286C-4D60-83A3-6008E591F7CD}.Debug|Any CPU.Build.0 = Debug|Any CPU
		{9B9686CA-286C-4D60-83A3-6008E591F7CD}.Release|Any CPU.ActiveCfg = Release|Any CPU
		{9B9686CA-286C-4D60-83A3-6008E591F7CD}.Release|Any CPU.Build.0 = Release|Any CPU
		{2BD4F0D3-035F-47D8-8260-BE0DB2A7F84D}.Debug|Any CPU.ActiveCfg = Debug|Any CPU
		{2BD4F0D3-035F-47D8-8260-BE0DB2A7F84D}.Debug|Any CPU.Build.0 = Debug|Any CPU
		{2BD4F0D3-035F-47D8-8260-BE0DB2A7F84D}.Release|Any CPU.ActiveCfg = Release|Any CPU
		{2BD4F0D3-035F-47D8-8260-BE0DB2A7F84D}.Release|Any CPU.Build.0 = Release|Any CPU
	EndGlobalSection
	GlobalSection(SolutionProperties) = preSolution
		HideSolutionNode = FALSE
	EndGlobalSection
	GlobalSection(ExtensibilityGlobals) = postSolution
		SolutionGuid = {C249895C-FBD1-4521-B96B-473A0F1BCC56}
	EndGlobalSection
EndGlobal
